
Microsoft Visual Studio Solution File, Format Version 12.00
# Visual Studio Version 16
VisualStudioVersion = 16.0.29509.3
MinimumVisualStudioVersion = 10.0.40219.1
Project("{FAE04EC0-301F-11D3-BF4B-00C04F79EFBC}") = "Pizzeria.view", "Pizzeria.view.csproj", "{8F05F30C-5726-4672-94B9-5469C31EFEC1}"
EndProject
Project("{FAE04EC0-301F-11D3-BF4B-00C04F79EFBC}") = "Pizzeria.bl", "..\Pizzeria.bl\Pizzeria.bl.csproj", "{33713CD8-0988-4100-B807-BE7A4AF9A935}"
EndProject
Global
	GlobalSection(SolutionConfigurationPlatforms) = preSolution
		Debug|Any CPU = Debug|Any CPU
		Release|Any CPU = Release|Any CPU
	EndGlobalSection
	GlobalSection(ProjectConfigurationPlatforms) = postSolution
		{8F05F30C-5726-4672-94B9-5469C31EFEC1}.Debug|Any CPU.ActiveCfg = Debug|Any CPU
		{8F05F30C-5726-4672-94B9-5469C31EFEC1}.Debug|Any CPU.Build.0 = Debug|Any CPU
		{8F05F30C-5726-4672-94B9-5469C31EFEC1}.Release|Any CPU.ActiveCfg = Release|Any CPU
		{8F05F30C-5726-4672-94B9-5469C31EFEC1}.Release|Any CPU.Build.0 = Release|Any CPU
		{33713CD8-0988-4100-B807-BE7A4AF9A935}.Debug|Any CPU.ActiveCfg = Debug|Any CPU
		{33713CD8-0988-4100-B807-BE7A4AF9A935}.Debug|Any CPU.Build.0 = Debug|Any CPU
		{33713CD8-0988-4100-B807-BE7A4AF9A935}.Release|Any CPU.ActiveCfg = Release|Any CPU
		{33713CD8-0988-4100-B807-BE7A4AF9A935}.Release|Any CPU.Build.0 = Release|Any CPU
	EndGlobalSection
	GlobalSection(SolutionProperties) = preSolution
		HideSolutionNode = FALSE
	EndGlobalSection
	GlobalSection(ExtensibilityGlobals) = postSolution
		SolutionGuid = {F2F0C61A-7152-4689-A36D-C53E51AEA7B2}
	EndGlobalSection
EndGlobal
